
Microsoft Visual Studio Solution File, Format Version 12.00
# Visual Studio Version 17
VisualStudioVersion = 17.0.31903.59
MinimumVisualStudioVersion = 10.0.40219.1
Project("{FAE04EC0-301F-11D3-BF4B-00C04F79EFBC}") = "sstu", "sstu.csproj", "{3EFEF85F-8816-4A46-B2B3-2C387E96AE7C}"
EndProject
Global
	GlobalSection(SolutionConfigurationPlatforms) = preSolution
		Debug|Any CPU = Debug|Any CPU
		Release|Any CPU = Release|Any CPU
	EndGlobalSection
	GlobalSection(ProjectConfigurationPlatforms) = postSolution
		{3EFEF85F-8816-4A46-B2B3-2C387E96AE7C}.Debug|Any CPU.ActiveCfg = Debug|Any CPU
		{3EFEF85F-8816-4A46-B2B3-2C387E96AE7C}.Debug|Any CPU.Build.0 = Debug|Any CPU
		{3EFEF85F-8816-4A46-B2B3-2C387E96AE7C}.Release|Any CPU.ActiveCfg = Release|Any CPU
		{3EFEF85F-8816-4A46-B2B3-2C387E96AE7C}.Release|Any CPU.Build.0 = Release|Any CPU
	EndGlobalSection
	GlobalSection(SolutionProperties) = preSolution
		HideSolutionNode = FALSE
	EndGlobalSection
	GlobalSection(ExtensibilityGlobals) = postSolution
		SolutionGuid = {2079087C-1CB4-4982-B81B-981207ACBC5E}
	EndGlobalSection
EndGlobal
